{
  "name": "test",
  "lockfileVersion": 3,
  "requires": true,
  "packages": {
    "": {
      "dependencies": {
        "fs": "^0.0.1-security",
        "node-xlsx": "^0.24.0"
      },
      "devDependencies": {
        "@types/node": "^22.7.2"
      }
    },
    "node_modules/@types/node": {
      "version": "22.7.2",
      "resolved": "https://registry.npmmirror.com/@types/node/-/node-22.7.2.tgz",
      "integrity": "sha512-866lXSrpGpgyHBZUa2m9YNWqHDjjM0aBTJlNtYaGEw4rqY/dcD7deRVTbBBAJelfA7oaGDbNftXF/TL/A6RgoA==",
      "dev": true,
      "license": "MIT",
      "dependencies": {
        "undici-types": "~6.19.2"
      }
    },
    "node_modules/fs": {
      "version": "0.0.1-security",
      "resolved": "https://registry.npmmirror.com/fs/-/fs-0.0.1-security.tgz",
      "integrity": "sha512-3XY9e1pP0CVEUCdj5BmfIZxRBTSDycnbqhIOGec9QYtmVH2fbLpj86CFWkrNOkt/Fvty4KZG5lTglL9j/gJ87w==",
      "license": "ISC"
    },
    "node_modules/node-xlsx": {
      "version": "0.24.0",
      "resolved": "https://registry.npmmirror.com/node-xlsx/-/node-xlsx-0.24.0.tgz",
      "integrity": "sha512-1olwK48XK9nXZsyH/FCltvGrQYvXXZuxVitxXXv2GIuRm51aBi1+5KwR4rWM4KeO61sFU+00913WLZTD+AcXEg==",
      "license": "Apache-2.0",
      "dependencies": {
        "xlsx": "https://cdn.sheetjs.com/xlsx-0.20.2/xlsx-0.20.2.tgz"
      },
      "bin": {
        "node-xlsx": "dist/bin/cli.js"
      },
      "engines": {
        "node": ">=10.0.0"
      }
    },
    "node_modules/undici-types": {
      "version": "6.19.8",
      "resolved": "https://registry.npmmirror.com/undici-types/-/undici-types-6.19.8.tgz",
      "integrity": "sha512-ve2KP6f/JnbPBFyobGHuerC9g1FYGn/F8n1LWTwNxCEzd6IfqTwUQcNXgEtmmQ6DlRrC1hrSrBnCZPokRrDHjw==",
      "dev": true,
      "license": "MIT"
    },
    "node_modules/xlsx": {
      "version": "0.20.2",
      "resolved": "https://cdn.sheetjs.com/xlsx-0.20.2/xlsx-0.20.2.tgz",
      "integrity": "sha512-+nKZ39+nvK7Qq6i0PvWWRA4j/EkfWOtkP/YhMtupm+lJIiHxUrgTr1CcKv1nBk1rHtkRRQ3O2+Ih/q/sA+FXZA==",
      "license": "Apache-2.0",
      "bin": {
        "xlsx": "bin/xlsx.njs"
      },
      "engines": {
        "node": ">=0.8"
      }
    }
  }
}
